
Microsoft Visual Studio Solution File, Format Version 12.00
# Visual Studio Version 16
VisualStudioVersion = 16.0.31112.23
MinimumVisualStudioVersion = 10.0.40219.1
Project("{FAE04EC0-301F-11D3-BF4B-00C04F79EFBC}") = "虎科悠活咖啡館", "虎科悠活咖啡館\虎科悠活咖啡館.csproj", "{61119C3C-A032-4A5E-9F56-8FC5CDB0AEDF}"
EndProject
Global
	GlobalSection(SolutionConfigurationPlatforms) = preSolution
		Debug|Any CPU = Debug|Any CPU
		Release|Any CPU = Release|Any CPU
	EndGlobalSection
	GlobalSection(ProjectConfigurationPlatforms) = postSolution
		{61119C3C-A032-4A5E-9F56-8FC5CDB0AEDF}.Debug|Any CPU.ActiveCfg = Debug|Any CPU
		{61119C3C-A032-4A5E-9F56-8FC5CDB0AEDF}.Debug|Any CPU.Build.0 = Debug|Any CPU
		{61119C3C-A032-4A5E-9F56-8FC5CDB0AEDF}.Release|Any CPU.ActiveCfg = Release|Any CPU
		{61119C3C-A032-4A5E-9F56-8FC5CDB0AEDF}.Release|Any CPU.Build.0 = Release|Any CPU
	EndGlobalSection
	GlobalSection(SolutionProperties) = preSolution
		HideSolutionNode = FALSE
	EndGlobalSection
	GlobalSection(ExtensibilityGlobals) = postSolution
		SolutionGuid = {CFC5D88B-3312-4F15-B830-FDD8716EF50D}
	EndGlobalSection
EndGlobal
